<?xml version="1.0" encoding="UTF-8"?>
<Scheme
   LastUpgradeVersion = "0720"
   version = "1.3">
   <BuildAction
      parallelizeBuildables = "YES"
      buildImplicitDependencies = "YES">
      <BuildActionEntries>
         <BuildActionEntry
            buildForTesting = "YES"
            buildForRunning = "YES"
            buildForProfiling = "YES"
            buildForArchiving = "YES"
            buildForAnalyzing = "YES">
            <BuildableReference
               BuildableIdentifier = "primary"
               BlueprintIdentifier = "C6F51D6D1C4F7DB000DBF081"
               BuildableName = "NSNotification&#x3001;KVC&#x3001;KVO.app"
               BlueprintName = "NSNotification&#x3001;KVC&#x3001;KVO"
               ReferencedContainer = "container:NSNotification&#x3001;KVC&#x3001;KVO.xcodeproj">
            </BuildableReference>
         </BuildActionEntry>
      </BuildActionEntries>
   </BuildAction>
   <TestAction
      buildConfiguration = "Debug"
      selectedDebuggerIdentifier = "Xcode.DebuggerFoundation.Debugger.LLDB"
      selectedLauncherIdentifier = "Xcode.DebuggerFoundation.Launcher.LLDB"
      shouldUseLaunchSchemeArgsEnv = "YES">
      <Testables>
         <TestableReference
            skipped = "NO">
            <BuildableReference
               BuildableIdentifier = "primary"
               BlueprintIdentifier = "C6F51D861C4F7DB000DBF081"
               BuildableName = "NSNotification&#x3001;KVC&#x3001;KVOTests.xctest"
               BlueprintName = "NSNotification&#x3001;KVC&#x3001;KVOTests"
               ReferencedContainer = "container:NSNotification&#x3001;KVC&#x3001;KVO.xcodeproj">
            </BuildableReference>
         </TestableReference>
         <TestableReference
            skipped = "NO">
            <BuildableReference
               BuildableIdentifier = "primary"
               BlueprintIdentifier = "C6F51D911C4F7DB000DBF081"
               BuildableName = "NSNotification&#x3001;KVC&#x3001;KVOUITests.xctest"
               BlueprintName = "NSNotification&#x3001;KVC&#x3001;KVOUITests"
               ReferencedContainer = "container:NSNotification&#x3001;KVC&#x3001;KVO.xcodeproj">
            </BuildableReference>
         </TestableReference>
      </Testables>
      <MacroExpansion>
         <BuildableReference
            BuildableIdentifier = "primary"
            BlueprintIdentifier = "C6F51D6D1C4F7DB000DBF081"
            BuildableName = "NSNotification&#x3001;KVC&#x3001;KVO.app"
            BlueprintName = "NSNotification&#x3001;KVC&#x3001;KVO"
            ReferencedContainer = "container:NSNotification&#x3001;KVC&#x3001;KVO.xcodeproj">
         </BuildableReference>
      </MacroExpansion>
      <AdditionalOptions>
      </AdditionalOptions>
   </TestAction>
   <LaunchAction
      buildConfiguration = "Debug"
      selectedDebuggerIdentifier = "Xcode.DebuggerFoundation.Debugger.LLDB"
      selectedLauncherIdentifier = "Xcode.DebuggerFoundation.Launcher.LLDB"
      launchStyle = "0"
      useCustomWorkingDirectory = "NO"
      ignoresPersistentStateOnLaunch = "NO"
      debugDocumentVersioning = "YES"
      debugServiceExtension = "internal"
      allowLocationSimulation = "YES">
      <BuildableProductRunnable
         runnableDebuggingMode = "0">
         <BuildableReference
            BuildableIdentifier = "primary"
            BlueprintIdentifier = "C6F51D6D1C4F7DB000DBF081"
            BuildableName = "NSNotification&#x3001;KVC&#x3001;KVO.app"
            BlueprintName = "NSNotification&#x3001;KVC&#x3001;KVO"
            ReferencedContainer = "container:NSNotification&#x3001;KVC&#x3001;KVO.xcodeproj">
         </BuildableReference>
      </BuildableProductRunnable>
      <AdditionalOptions>
      </AdditionalOptions>
   </LaunchAction>
   <ProfileAction
      buildConfiguration = "Release"
      shouldUseLaunchSchemeArgsEnv = "YES"
      savedToolIdentifier = ""
      useCustomWorkingDirectory = "NO"
      debugDocumentVersioning = "YES">
      <BuildableProductRunnable
         runnableDebuggingMode = "0">
         <BuildableReference
            BuildableIdentifier = "primary"
            BlueprintIdentifier = "C6F51D6D1C4F7DB000DBF081"
            BuildableName = "NSNotification&#x3001;KVC&#x3001;KVO.app"
            BlueprintName = "NSNotification&#x3001;KVC&#x3001;KVO"
            ReferencedContainer = "container:NSNotification&#x3001;KVC&#x3001;KVO.xcodeproj">
         </BuildableReference>
      </BuildableProductRunnable>
   </ProfileAction>
   <AnalyzeAction
      buildConfiguration = "Debug">
   </AnalyzeAction>
   <ArchiveAction
      buildConfiguration = "Release"
      revealArchiveInOrganizer = "YES">
   </ArchiveAction>
</Scheme>
